<Solution>
  <Project Path="InterlockedClass&amp;MemoryBarrier/InterlockedClass&amp;MemoryBarrier.csproj" Id="e45f60f9-d4ab-484e-a1cb-6c6d079d59eb" />
  <Project Path="NonBlockingSync&amp;VolatileKeyword/NonBlockingSync&amp;VolatileKeyword.csproj" Id="66cc1516-34df-439d-8365-15ce22fed17c" />
  <Project Path="Semaphore&amp;SemaphoreSlimTools/Semaphore&amp;SemaphoreSlimTools.csproj" Id="15608a8a-f9bf-4493-b650-c98f29800c61" />
  <Project Path="SpinningSynch.SpinLock&amp;SpinWait/SpinningSynch.SpinLock&amp;SpinWait.csproj" Id="5768b6cc-3cd8-455a-98b2-0cb152876c30" />
  <Project Path="ThreadClass/ThreadClass.csproj" Id="dcdc05f0-c730-4bd2-9b85-33058f1d7752" />
  <Project Path="ThreadSynchronization&amp;BlockingSynchronization/ThreadSynchronization&amp;BlockingSynchronization.csproj" Id="6f1bab3d-d174-4a67-b442-140537c5e407" />
</Solution>
